
Microsoft Visual Studio Solution File, Format Version 12.00
# Visual Studio Version 17
VisualStudioVersion = 17.13.35806.99 d17.13
MinimumVisualStudioVersion = 10.0.40219.1
Project("{FAE04EC0-301F-11D3-BF4B-00C04F79EFBC}") = "Sistema_Controle_Zoologico", "Sistema_Controle_Zoologico\Sistema_Controle_Zoologico.csproj", "{4D56E62B-A888-4FE6-B34A-CABBCADEB7EC}"
EndProject
Global
	GlobalSection(SolutionConfigurationPlatforms) = preSolution
		Debug|Any CPU = Debug|Any CPU
		Release|Any CPU = Release|Any CPU
	EndGlobalSection
	GlobalSection(ProjectConfigurationPlatforms) = postSolution
		{4D56E62B-A888-4FE6-B34A-CABBCADEB7EC}.Debug|Any CPU.ActiveCfg = Debug|Any CPU
		{4D56E62B-A888-4FE6-B34A-CABBCADEB7EC}.Debug|Any CPU.Build.0 = Debug|Any CPU
		{4D56E62B-A888-4FE6-B34A-CABBCADEB7EC}.Release|Any CPU.ActiveCfg = Release|Any CPU
		{4D56E62B-A888-4FE6-B34A-CABBCADEB7EC}.Release|Any CPU.Build.0 = Release|Any CPU
	EndGlobalSection
	GlobalSection(SolutionProperties) = preSolution
		HideSolutionNode = FALSE
	EndGlobalSection
	GlobalSection(ExtensibilityGlobals) = postSolution
		SolutionGuid = {90DF493E-8125-4E3B-A0F4-69F62F33A917}
	EndGlobalSection
EndGlobal
